
Microsoft Visual Studio Solution File, Format Version 12.00
# Visual Studio Version 17
VisualStudioVersion = 17.7.34031.279
MinimumVisualStudioVersion = 10.0.40219.1
Project("{FAE04EC0-301F-11D3-BF4B-00C04F79EFBC}") = "Bool", "Bool\Bool.csproj", "{F5D42582-1209-4C8C-BA8C-C321FE5AA425}"
EndProject
Global
	GlobalSection(SolutionConfigurationPlatforms) = preSolution
		Debug|Any CPU = Debug|Any CPU
		Release|Any CPU = Release|Any CPU
	EndGlobalSection
	GlobalSection(ProjectConfigurationPlatforms) = postSolution
		{F5D42582-1209-4C8C-BA8C-C321FE5AA425}.Debug|Any CPU.ActiveCfg = Debug|Any CPU
		{F5D42582-1209-4C8C-BA8C-C321FE5AA425}.Debug|Any CPU.Build.0 = Debug|Any CPU
		{F5D42582-1209-4C8C-BA8C-C321FE5AA425}.Release|Any CPU.ActiveCfg = Release|Any CPU
		{F5D42582-1209-4C8C-BA8C-C321FE5AA425}.Release|Any CPU.Build.0 = Release|Any CPU
	EndGlobalSection
	GlobalSection(SolutionProperties) = preSolution
		HideSolutionNode = FALSE
	EndGlobalSection
	GlobalSection(ExtensibilityGlobals) = postSolution
		SolutionGuid = {343D19A8-9EEC-403C-867D-53662121BCEF}
	EndGlobalSection
EndGlobal
